{
  "name": "AnotherWorld_VMTools",
  "url": "https://github.com/felipesanches/AnotherWorld_VMTools.git",
  "pinned_commit": "15119bbfd4442087c59c30caac64b2db98414363",
  "pinned_date": "2026-04-30",
  "pinned_subject": "mac-stuffit-extract: extract data + resource forks from 1993 Mac .sit",
  "expected_sibling_path": "../AnotherWorld_VMTools",
  "change_review_required": true,
  "purpose": "Bytecode disassembler and assembler for the Another World VM, used by the extract pipeline to produce diff-friendly source-like output from BYTECODE resources. Pure-Rust workspace (was Python; ported with byte-identical parity for msdos/amiga/genesis_europe; full round-trip preserved). Provides CLI binaries: awvm-disasm, awvm-asm, banks2resources, adf-extract, valve-pak-extract, opera-list, mac-stuffit-extract.",
  "depends_on": ["rust >= 1.93 (release toolchain)"],
  "build": "cargo build --release",
  "previous_pin": {
    "commit": "143268d5eeb77d9f3d0b1a2b999833a10f478c37",
    "date": "2024-02-24",
    "subject": "a missing \"import sys\"",
    "note": "The Python implementation. Retained in git history; recoverable via `git checkout 143268d` or `git show 143268d:awvm-disasm.py`."
  }
}
